// !$*UTF8*$!
{
	archiveVersion = 1;
	classes = {
	};
	objectVersion = 46;
	objects = {

/* Begin PBXBuildFile section */
		1A3010381A63E44B00B14087 /* HorseA01.mesh in Resources */ = {isa = PBXBuildFile; fileRef = 1A30101A1A63E44B00B14087 /* HorseA01.mesh */; };
		1A3010391A63E44B00B14087 /* HorseA02.mesh in Resources */ = {isa = PBXBuildFile; fileRef = 1A30101B1A63E44B00B14087 /* HorseA02.mesh */; };
		1A30103A1A63E44B00B14087 /* HorseB01.mesh in Resources */ = {isa = PBXBuildFile; fileRef = 1A30101C1A63E44B00B14087 /* HorseB01.mesh */; };
		1A30103B1A63E44B00B14087 /* HorseB02.mesh in Resources */ = {isa = PBXBuildFile; fileRef = 1A30101D1A63E44B00B14087 /* HorseB02.mesh */; };
		1A30103C1A63E44B00B14087 /* KingA.mesh in Resources */ = {isa = PBXBuildFile; fileRef = 1A30101E1A63E44B00B14087 /* KingA.mesh */; };
		1A30103D1A63E44B00B14087 /* KingB.mesh in Resources */ = {isa = PBXBuildFile; fileRef = 1A30101F1A63E44B00B14087 /* KingB.mesh */; };
		1A30103E1A63E44B00B14087 /* PawnA01.mesh in Resources */ = {isa = PBXBuildFile; fileRef = 1A3010201A63E44B00B14087 /* PawnA01.mesh */; };
		1A30103F1A63E44B00B14087 /* PawnA02.mesh in Resources */ = {isa = PBXBuildFile; fileRef = 1A3010211A63E44B00B14087 /* PawnA02.mesh */; };
		1A3010401A63E44B00B14087 /* PawnA03.mesh in Resources */ = {isa = PBXBuildFile; fileRef = 1A3010221A63E44B00B14087 /* PawnA03.mesh */; };
		1A3010411A63E44B00B14087 /* PawnA04.mesh in Resources */ = {isa = PBXBuildFile; fileRef = 1A3010231A63E44B00B14087 /* PawnA04.mesh */; };
		1A3010421A63E44B00B14087 /* PawnA05.mesh in Resources */ = {isa = PBXBuildFile; fileRef = 1A3010241A63E44B00B14087 /* PawnA05.mesh */; };
		1A3010431A63E44B00B14087 /* PawnA06.mesh in Resources */ = {isa = PBXBuildFile; fileRef = 1A3010251A63E44B00B14087 /* PawnA06.mesh */; };
		1A3010441A63E44B00B14087 /* PawnA07.mesh in Resources */ = {isa = PBXBuildFile; fileRef = 1A3010261A63E44B00B14087 /* PawnA07.mesh */; };
		1A3010451A63E44B00B14087 /* PawnA08.mesh in Resources */ = {isa = PBXBuildFile; fileRef = 1A3010271A63E44B00B14087 /* PawnA08.mesh */; };
		1A3010461A63E44B00B14087 /* PawnB01.mesh in Resources */ = {isa = PBXBuildFile; fileRef = 1A3010281A63E44B00B14087 /* PawnB01.mesh */; };
		1A3010471A63E44B00B14087 /* PawnB02.mesh in Resources */ = {isa = PBXBuildFile; fileRef = 1A3010291A63E44B00B14087 /* PawnB02.mesh */; };
		1A3010481A63E44B00B14087 /* PawnB03.mesh in Resources */ = {isa = PBXBuildFile; fileRef = 1A30102A1A63E44B00B14087 /* PawnB03.mesh */; };
		1A3010491A63E44B00B14087 /* PawnB04.mesh in Resources */ = {isa = PBXBuildFile; fileRef = 1A30102B1A63E44B00B14087 /* PawnB04.mesh */; };
		1A30104A1A63E44B00B14087 /* PawnB05.mesh in Resources */ = {isa = PBXBuildFile; fileRef = 1A30102C1A63E44B00B14087 /* PawnB05.mesh */; };
		1A30104B1A63E44B00B14087 /* PawnB06.mesh in Resources */ = {isa = PBXBuildFile; fileRef = 1A30102D1A63E44B00B14087 /* PawnB06.mesh */; };
		1A30104C1A63E44B00B14087 /* PawnB07.mesh in Resources */ = {isa = PBXBuildFile; fileRef = 1A30102E1A63E44B00B14087 /* PawnB07.mesh */; };
		1A30104D1A63E44B00B14087 /* PawnB08.mesh in Resources */ = {isa = PBXBuildFile; fileRef = 1A30102F1A63E44B00B14087 /* PawnB08.mesh */; };
		1A30104E1A63E44B00B14087 /* QueenA.mesh in Resources */ = {isa = PBXBuildFile; fileRef = 1A3010301A63E44B00B14087 /* QueenA.mesh */; };
		1A30104F1A63E44B00B14087 /* QueenB.mesh in Resources */ = {isa = PBXBuildFile; fileRef = 1A3010311A63E44B00B14087 /* QueenB.mesh */; };
		1A3010501A63E44B00B14087 /* TowerA01.mesh in Resources */ = {isa = PBXBuildFile; fileRef = 1A3010321A63E44B00B14087 /* TowerA01.mesh */; };
		1A3010511A63E44B00B14087 /* TowerA02.mesh in Resources */ = {isa = PBXBuildFile; fileRef = 1A3010331A63E44B00B14087 /* TowerA02.mesh */; };
		1A3010521A63E44B00B14087 /* TowerB01.mesh in Resources */ = {isa = PBXBuildFile; fileRef = 1A3010341A63E44B00B14087 /* TowerB01.mesh */; };
		1A3010531A63E44B00B14087 /* TowerB02.mesh in Resources */ = {isa = PBXBuildFile; fileRef = 1A3010351A63E44B00B14087 /* TowerB02.mesh */; };
		1A62D3AD1A64D4F5005A7293 /* Bishop.mesh in Resources */ = {isa = PBXBuildFile; fileRef = 1A62D3AC1A64D4F5005A7293 /* Bishop.mesh */; };
		1A6B61131A5EBD0500F8D961 /* Carbon.framework in Frameworks */ = {isa = PBXBuildFile; fileRef = 1A6B61121A5EBD0500F8D961 /* Carbon.framework */; };
		1A6B61151A5EBD0500F8D961 /* Cocoa.framework in Frameworks */ = {isa = PBXBuildFile; fileRef = 1A6B61141A5EBD0500F8D961 /* Cocoa.framework */; };
		1A6B61171A5EBD0500F8D961 /* IOKit.framework in Frameworks */ = {isa = PBXBuildFile; fileRef = 1A6B61161A5EBD0500F8D961 /* IOKit.framework */; };
		1A6B61191A5EBD0500F8D961 /* OpenGL.framework in Frameworks */ = {isa = PBXBuildFile; fileRef = 1A6B61181A5EBD0500F8D961 /* OpenGL.framework */; };
		1A6B611B1A5EBD0500F8D961 /* QuartzCore.framework in Frameworks */ = {isa = PBXBuildFile; fileRef = 1A6B611A1A5EBD0500F8D961 /* QuartzCore.framework */; };
		1A6B61221A5EBD0500F8D961 /* InfoPlist.strings in Resources */ = {isa = PBXBuildFile; fileRef = 1A6B61201A5EBD0500F8D961 /* InfoPlist.strings */; };
		1A6B61241A5EBD0500F8D961 /* main.mm in Sources */ = {isa = PBXBuildFile; fileRef = 1A6B61231A5EBD0500F8D961 /* main.mm */; };
		1A6B61281A5EBD0500F8D961 /* OgreChess.cpp in Sources */ = {isa = PBXBuildFile; fileRef = 1A6B61271A5EBD0500F8D961 /* OgreChess.cpp */; };
		1A6B612B1A5EBD0500F8D961 /* OgreFramework.cpp in Sources */ = {isa = PBXBuildFile; fileRef = 1A6B612A1A5EBD0500F8D961 /* OgreFramework.cpp */; };
		1A6B613F1A5EBD0600F8D961 /* ogre.cfg in Resources */ = {isa = PBXBuildFile; fileRef = 1A6B613E1A5EBD0600F8D961 /* ogre.cfg */; };
		1A6B61411A5EBD0600F8D961 /* plugins.cfg in Resources */ = {isa = PBXBuildFile; fileRef = 1A6B61401A5EBD0600F8D961 /* plugins.cfg */; };
		1A6B61431A5EBD0600F8D961 /* resources.cfg in Resources */ = {isa = PBXBuildFile; fileRef = 1A6B61421A5EBD0600F8D961 /* resources.cfg */; };
		1ACA9FA81A61554400F09C73 /* board.mesh in Resources */ = {isa = PBXBuildFile; fileRef = 1ACA9FA71A61554400F09C73 /* board.mesh */; };
		1ACA9FAB1A6155A000F09C73 /* black.material in Resources */ = {isa = PBXBuildFile; fileRef = 1ACA9FA91A6155A000F09C73 /* black.material */; };
		1ACA9FAC1A6155A000F09C73 /* white.material in Resources */ = {isa = PBXBuildFile; fileRef = 1ACA9FAA1A6155A000F09C73 /* white.material */; };
		1ACA9FAE1A61576100F09C73 /* skybox.zip in Resources */ = {isa = PBXBuildFile; fileRef = 1ACA9FAD1A61576100F09C73 /* skybox.zip */; };
		1ACA9FED1A61578E00F09C73 /* cubescene_bk.jpg in Resources */ = {isa = PBXBuildFile; fileRef = 1ACA9FBC1A61578E00F09C73 /* cubescene_bk.jpg */; };
		1ACA9FEE1A61578E00F09C73 /* cubescene_dn.jpg in Resources */ = {isa = PBXBuildFile; fileRef = 1ACA9FBD1A61578E00F09C73 /* cubescene_dn.jpg */; };
		1ACA9FEF1A61578E00F09C73 /* cubescene_fr.jpg in Resources */ = {isa = PBXBuildFile; fileRef = 1ACA9FBE1A61578E00F09C73 /* cubescene_fr.jpg */; };
		1ACA9FF01A61578E00F09C73 /* cubescene_lf.jpg in Resources */ = {isa = PBXBuildFile; fileRef = 1ACA9FBF1A61578E00F09C73 /* cubescene_lf.jpg */; };
		1ACA9FF11A61578E00F09C73 /* cubescene_rt.jpg in Resources */ = {isa = PBXBuildFile; fileRef = 1ACA9FC01A61578E00F09C73 /* cubescene_rt.jpg */; };
		1ACA9FF21A61578E00F09C73 /* cubescene_up.jpg in Resources */ = {isa = PBXBuildFile; fileRef = 1ACA9FC11A61578E00F09C73 /* cubescene_up.jpg */; };
		1ACAA0051A61578E00F09C73 /* README in Resources */ = {isa = PBXBuildFile; fileRef = 1ACA9FD41A61578E00F09C73 /* README */; };
/* End PBXBuildFile section */

/* Begin PBXFileReference section */
		1A30101A1A63E44B00B14087 /* HorseA01.mesh */ = {isa = PBXFileReference; lastKnownFileType = file; path = HorseA01.mesh; sourceTree = "<group>"; };
		1A30101B1A63E44B00B14087 /* HorseA02.mesh */ = {isa = PBXFileReference; lastKnownFileType = file; path = HorseA02.mesh; sourceTree = "<group>"; };
		1A30101C1A63E44B00B14087 /* HorseB01.mesh */ = {isa = PBXFileReference; lastKnownFileType = file; path = HorseB01.mesh; sourceTree = "<group>"; };
		1A30101D1A63E44B00B14087 /* HorseB02.mesh */ = {isa = PBXFileReference; lastKnownFileType = file; path = HorseB02.mesh; sourceTree = "<group>"; };
		1A30101E1A63E44B00B14087 /* KingA.mesh */ = {isa = PBXFileReference; lastKnownFileType = file; path = KingA.mesh; sourceTree = "<group>"; };
		1A30101F1A63E44B00B14087 /* KingB.mesh */ = {isa = PBXFileReference; lastKnownFileType = file; path = KingB.mesh; sourceTree = "<group>"; };
		1A3010201A63E44B00B14087 /* PawnA01.mesh */ = {isa = PBXFileReference; lastKnownFileType = file; path = PawnA01.mesh; sourceTree = "<group>"; };
		1A3010211A63E44B00B14087 /* PawnA02.mesh */ = {isa = PBXFileReference; lastKnownFileType = file; path = PawnA02.mesh; sourceTree = "<group>"; };
		1A3010221A63E44B00B14087 /* PawnA03.mesh */ = {isa = PBXFileReference; lastKnownFileType = file; path = PawnA03.mesh; sourceTree = "<group>"; };
		1A3010231A63E44B00B14087 /* PawnA04.mesh */ = {isa = PBXFileReference; lastKnownFileType = file; path = PawnA04.mesh; sourceTree = "<group>"; };
		1A3010241A63E44B00B14087 /* PawnA05.mesh */ = {isa = PBXFileReference; lastKnownFileType = file; path = PawnA05.mesh; sourceTree = "<group>"; };
		1A3010251A63E44B00B14087 /* PawnA06.mesh */ = {isa = PBXFileReference; lastKnownFileType = file; path = PawnA06.mesh; sourceTree = "<group>"; };
		1A3010261A63E44B00B14087 /* PawnA07.mesh */ = {isa = PBXFileReference; lastKnownFileType = file; path = PawnA07.mesh; sourceTree = "<group>"; };
		1A3010271A63E44B00B14087 /* PawnA08.mesh */ = {isa = PBXFileReference; lastKnownFileType = file; path = PawnA08.mesh; sourceTree = "<group>"; };
		1A3010281A63E44B00B14087 /* PawnB01.mesh */ = {isa = PBXFileReference; lastKnownFileType = file; path = PawnB01.mesh; sourceTree = "<group>"; };
		1A3010291A63E44B00B14087 /* PawnB02.mesh */ = {isa = PBXFileReference; lastKnownFileType = file; path = PawnB02.mesh; sourceTree = "<group>"; };
		1A30102A1A63E44B00B14087 /* PawnB03.mesh */ = {isa = PBXFileReference; lastKnownFileType = file; path = PawnB03.mesh; sourceTree = "<group>"; };
		1A30102B1A63E44B00B14087 /* PawnB04.mesh */ = {isa = PBXFileReference; lastKnownFileType = file; path = PawnB04.mesh; sourceTree = "<group>"; };
		1A30102C1A63E44B00B14087 /* PawnB05.mesh */ = {isa = PBXFileReference; lastKnownFileType = file; path = PawnB05.mesh; sourceTree = "<group>"; };
		1A30102D1A63E44B00B14087 /* PawnB06.mesh */ = {isa = PBXFileReference; lastKnownFileType = file; path = PawnB06.mesh; sourceTree = "<group>"; };
		1A30102E1A63E44B00B14087 /* PawnB07.mesh */ = {isa = PBXFileReference; lastKnownFileType = file; path = PawnB07.mesh; sourceTree = "<group>"; };
		1A30102F1A63E44B00B14087 /* PawnB08.mesh */ = {isa = PBXFileReference; lastKnownFileType = file; path = PawnB08.mesh; sourceTree = "<group>"; };
		1A3010301A63E44B00B14087 /* QueenA.mesh */ = {isa = PBXFileReference; lastKnownFileType = file; path = QueenA.mesh; sourceTree = "<group>"; };
		1A3010311A63E44B00B14087 /* QueenB.mesh */ = {isa = PBXFileReference; lastKnownFileType = file; path = QueenB.mesh; sourceTree = "<group>"; };
		1A3010321A63E44B00B14087 /* TowerA01.mesh */ = {isa = PBXFileReference; lastKnownFileType = file; path = TowerA01.mesh; sourceTree = "<group>"; };
		1A3010331A63E44B00B14087 /* TowerA02.mesh */ = {isa = PBXFileReference; lastKnownFileType = file; path = TowerA02.mesh; sourceTree = "<group>"; };
		1A3010341A63E44B00B14087 /* TowerB01.mesh */ = {isa = PBXFileReference; lastKnownFileType = file; path = TowerB01.mesh; sourceTree = "<group>"; };
		1A3010351A63E44B00B14087 /* TowerB02.mesh */ = {isa = PBXFileReference; lastKnownFileType = file; path = TowerB02.mesh; sourceTree = "<group>"; };
		1A62D3AC1A64D4F5005A7293 /* Bishop.mesh */ = {isa = PBXFileReference; lastKnownFileType = file; path = Bishop.mesh; sourceTree = "<group>"; };
		1A6B610F1A5EBD0500F8D961 /* abc.app */ = {isa = PBXFileReference; explicitFileType = wrapper.application; includeInIndex = 0; path = abc.app; sourceTree = BUILT_PRODUCTS_DIR; };
		1A6B61121A5EBD0500F8D961 /* Carbon.framework */ = {isa = PBXFileReference; lastKnownFileType = wrapper.framework; name = Carbon.framework; path = System/Library/Frameworks/Carbon.framework; sourceTree = SDKROOT; };
		1A6B61141A5EBD0500F8D961 /* Cocoa.framework */ = {isa = PBXFileReference; lastKnownFileType = wrapper.framework; name = Cocoa.framework; path = System/Library/Frameworks/Cocoa.framework; sourceTree = SDKROOT; };
		1A6B61161A5EBD0500F8D961 /* IOKit.framework */ = {isa = PBXFileReference; lastKnownFileType = wrapper.framework; name = IOKit.framework; path = System/Library/Frameworks/IOKit.framework; sourceTree = SDKROOT; };
		1A6B61181A5EBD0500F8D961 /* OpenGL.framework */ = {isa = PBXFileReference; lastKnownFileType = wrapper.framework; name = OpenGL.framework; path = System/Library/Frameworks/OpenGL.framework; sourceTree = SDKROOT; };
		1A6B611A1A5EBD0500F8D961 /* QuartzCore.framework */ = {isa = PBXFileReference; lastKnownFileType = wrapper.framework; name = QuartzCore.framework; path = System/Library/Frameworks/QuartzCore.framework; sourceTree = SDKROOT; };
		1A6B611E1A5EBD0500F8D961 /* abc-Prefix.pch */ = {isa = PBXFileReference; lastKnownFileType = sourcecode.c.h; path = "abc-Prefix.pch"; sourceTree = "<group>"; };
		1A6B611F1A5EBD0500F8D961 /* abc-Info.plist */ = {isa = PBXFileReference; lastKnownFileType = text.plist.xml; path = "abc-Info.plist"; sourceTree = "<group>"; };
		1A6B61211A5EBD0500F8D961 /* en */ = {isa = PBXFileReference; lastKnownFileType = text.plist.strings; name = en; path = en.lproj/InfoPlist.strings; sourceTree = "<group>"; };
		1A6B61231A5EBD0500F8D961 /* main.mm */ = {isa = PBXFileReference; lastKnownFileType = sourcecode.cpp.objcpp; path = main.mm; sourceTree = "<group>"; };
		1A6B61261A5EBD0500F8D961 /* AppDelegate.h */ = {isa = PBXFileReference; lastKnownFileType = sourcecode.c.h; path = AppDelegate.h; sourceTree = "<group>"; };
		1A6B61271A5EBD0500F8D961 /* OgreChess.cpp */ = {isa = PBXFileReference; lastKnownFileType = sourcecode.cpp.cpp; path = OgreChess.cpp; sourceTree = "<group>"; };
		1A6B61291A5EBD0500F8D961 /* OgreChess.h */ = {isa = PBXFileReference; lastKnownFileType = sourcecode.c.h; path = OgreChess.h; sourceTree = "<group>"; };
		1A6B612A1A5EBD0500F8D961 /* OgreFramework.cpp */ = {isa = PBXFileReference; lastKnownFileType = sourcecode.cpp.cpp; path = OgreFramework.cpp; sourceTree = "<group>"; };
		1A6B612C1A5EBD0500F8D961 /* OgreFramework.h */ = {isa = PBXFileReference; lastKnownFileType = sourcecode.c.h; path = OgreFramework.h; sourceTree = "<group>"; };
		1A6B61311A5EBD0600F8D961 /* Examples.material */ = {isa = PBXFileReference; lastKnownFileType = text; path = Examples.material; sourceTree = "<group>"; };
		1A6B613A1A5EBD0600F8D961 /* cubemap.zip */ = {isa = PBXFileReference; lastKnownFileType = archive.zip; path = cubemap.zip; sourceTree = "<group>"; };
		1A6B613B1A5EBD0600F8D961 /* cubemapsJS.zip */ = {isa = PBXFileReference; lastKnownFileType = archive.zip; path = cubemapsJS.zip; sourceTree = "<group>"; };
		1A6B613C1A5EBD0600F8D961 /* SdkTrays.zip */ = {isa = PBXFileReference; lastKnownFileType = archive.zip; path = SdkTrays.zip; sourceTree = "<group>"; };
		1A6B613E1A5EBD0600F8D961 /* ogre.cfg */ = {isa = PBXFileReference; lastKnownFileType = text; path = ogre.cfg; sourceTree = "<group>"; };
		1A6B61401A5EBD0600F8D961 /* plugins.cfg */ = {isa = PBXFileReference; lastKnownFileType = text; path = plugins.cfg; sourceTree = "<group>"; };
		1A6B61421A5EBD0600F8D961 /* resources.cfg */ = {isa = PBXFileReference; lastKnownFileType = text; path = resources.cfg; sourceTree = "<group>"; };
		1ACA9FA71A61554400F09C73 /* board.mesh */ = {isa = PBXFileReference; lastKnownFileType = file; path = board.mesh; sourceTree = "<group>"; };
		1ACA9FA91A6155A000F09C73 /* black.material */ = {isa = PBXFileReference; fileEncoding = 4; lastKnownFileType = text; path = black.material; sourceTree = "<group>"; };
		1ACA9FAA1A6155A000F09C73 /* white.material */ = {isa = PBXFileReference; fileEncoding = 4; lastKnownFileType = text; path = white.material; sourceTree = "<group>"; };
		1ACA9FAD1A61576100F09C73 /* skybox.zip */ = {isa = PBXFileReference; lastKnownFileType = archive.zip; path = skybox.zip; sourceTree = "<group>"; };
		1ACA9FBC1A61578E00F09C73 /* cubescene_bk.jpg */ = {isa = PBXFileReference; lastKnownFileType = image.jpeg; path = cubescene_bk.jpg; sourceTree = "<group>"; };
		1ACA9FBD1A61578E00F09C73 /* cubescene_dn.jpg */ = {isa = PBXFileReference; lastKnownFileType = image.jpeg; path = cubescene_dn.jpg; sourceTree = "<group>"; };
		1ACA9FBE1A61578E00F09C73 /* cubescene_fr.jpg */ = {isa = PBXFileReference; lastKnownFileType = image.jpeg; path = cubescene_fr.jpg; sourceTree = "<group>"; };
		1ACA9FBF1A61578E00F09C73 /* cubescene_lf.jpg */ = {isa = PBXFileReference; lastKnownFileType = image.jpeg; path = cubescene_lf.jpg; sourceTree = "<group>"; };
		1ACA9FC01A61578E00F09C73 /* cubescene_rt.jpg */ = {isa = PBXFileReference; lastKnownFileType = image.jpeg; path = cubescene_rt.jpg; sourceTree = "<group>"; };
		1ACA9FC11A61578E00F09C73 /* cubescene_up.jpg */ = {isa = PBXFileReference; lastKnownFileType = image.jpeg; path = cubescene_up.jpg; sourceTree = "<group>"; };
		1ACA9FD41A61578E00F09C73 /* README */ = {isa = PBXFileReference; fileEncoding = 4; lastKnownFileType = text; path = README; sourceTree = "<group>"; };
		2EB4FDB41A633C0200C9FC90 /* OgreText.h */ = {isa = PBXFileReference; fileEncoding = 4; lastKnownFileType = sourcecode.c.h; path = OgreText.h; sourceTree = "<group>"; };
/* End PBXFileReference section */

/* Begin PBXFrameworksBuildPhase section */
		1A6B610B1A5EBD0500F8D961 /* Frameworks */ = {
			isa = PBXFrameworksBuildPhase;
			buildActionMask = 2147483647;
			files = (
				1A6B611B1A5EBD0500F8D961 /* QuartzCore.framework in Frameworks */,
				1A6B61151A5EBD0500F8D961 /* Cocoa.framework in Frameworks */,
				1A6B61191A5EBD0500F8D961 /* OpenGL.framework in Frameworks */,
				1A6B61131A5EBD0500F8D961 /* Carbon.framework in Frameworks */,
				1A6B61171A5EBD0500F8D961 /* IOKit.framework in Frameworks */,
			);
			runOnlyForDeploymentPostprocessing = 0;
		};
/* End PBXFrameworksBuildPhase section */

/* Begin PBXGroup section */
		1A300FDB1A63E0A300B14087 /* new */ = {
			isa = PBXGroup;
			children = (
				1A62D3AC1A64D4F5005A7293 /* Bishop.mesh */,
				1A30101A1A63E44B00B14087 /* HorseA01.mesh */,
				1A30101B1A63E44B00B14087 /* HorseA02.mesh */,
				1A30101C1A63E44B00B14087 /* HorseB01.mesh */,
				1A30101D1A63E44B00B14087 /* HorseB02.mesh */,
				1A30101E1A63E44B00B14087 /* KingA.mesh */,
				1A30101F1A63E44B00B14087 /* KingB.mesh */,
				1A3010201A63E44B00B14087 /* PawnA01.mesh */,
				1A3010211A63E44B00B14087 /* PawnA02.mesh */,
				1A3010221A63E44B00B14087 /* PawnA03.mesh */,
				1A3010231A63E44B00B14087 /* PawnA04.mesh */,
				1A3010241A63E44B00B14087 /* PawnA05.mesh */,
				1A3010251A63E44B00B14087 /* PawnA06.mesh */,
				1A3010261A63E44B00B14087 /* PawnA07.mesh */,
				1A3010271A63E44B00B14087 /* PawnA08.mesh */,
				1A3010281A63E44B00B14087 /* PawnB01.mesh */,
				1A3010291A63E44B00B14087 /* PawnB02.mesh */,
				1A30102A1A63E44B00B14087 /* PawnB03.mesh */,
				1A30102B1A63E44B00B14087 /* PawnB04.mesh */,
				1A30102C1A63E44B00B14087 /* PawnB05.mesh */,
				1A30102D1A63E44B00B14087 /* PawnB06.mesh */,
				1A30102E1A63E44B00B14087 /* PawnB07.mesh */,
				1A30102F1A63E44B00B14087 /* PawnB08.mesh */,
				1A3010301A63E44B00B14087 /* QueenA.mesh */,
				1A3010311A63E44B00B14087 /* QueenB.mesh */,
				1A3010321A63E44B00B14087 /* TowerA01.mesh */,
				1A3010331A63E44B00B14087 /* TowerA02.mesh */,
				1A3010341A63E44B00B14087 /* TowerB01.mesh */,
				1A3010351A63E44B00B14087 /* TowerB02.mesh */,
			);
			name = new;
			sourceTree = "<group>";
		};
		1A6B61051A5EBD0500F8D961 = {
			isa = PBXGroup;
			children = (
				1A6B611C1A5EBD0500F8D961 /* abc */,
				1A6B61111A5EBD0500F8D961 /* Frameworks */,
				1A6B61101A5EBD0500F8D961 /* Products */,
			);
			sourceTree = "<group>";
		};
		1A6B61101A5EBD0500F8D961 /* Products */ = {
			isa = PBXGroup;
			children = (
				1A6B610F1A5EBD0500F8D961 /* abc.app */,
			);
			name = Products;
			sourceTree = "<group>";
		};
		1A6B61111A5EBD0500F8D961 /* Frameworks */ = {
			isa = PBXGroup;
			children = (
				1A6B61121A5EBD0500F8D961 /* Carbon.framework */,
				1A6B61141A5EBD0500F8D961 /* Cocoa.framework */,
				1A6B61161A5EBD0500F8D961 /* IOKit.framework */,
				1A6B61181A5EBD0500F8D961 /* OpenGL.framework */,
				1A6B611A1A5EBD0500F8D961 /* QuartzCore.framework */,
			);
			name = Frameworks;
			sourceTree = "<group>";
		};
		1A6B611C1A5EBD0500F8D961 /* abc */ = {
			isa = PBXGroup;
			children = (
				1A6B61201A5EBD0500F8D961 /* InfoPlist.strings */,
				1A6B61231A5EBD0500F8D961 /* main.mm */,
				1A6B61251A5EBD0500F8D961 /* Basic Ogre Framework */,
				1A6B612D1A5EBD0600F8D961 /* Resources */,
				1A6B611D1A5EBD0500F8D961 /* Supporting Files */,
			);
			path = abc;
			sourceTree = "<group>";
		};
		1A6B611D1A5EBD0500F8D961 /* Supporting Files */ = {
			isa = PBXGroup;
			children = (
				1A6B611E1A5EBD0500F8D961 /* abc-Prefix.pch */,
				1A6B611F1A5EBD0500F8D961 /* abc-Info.plist */,
			);
			name = "Supporting Files";
			sourceTree = "<group>";
		};
		1A6B61251A5EBD0500F8D961 /* Basic Ogre Framework */ = {
			isa = PBXGroup;
			children = (
				1A6B61261A5EBD0500F8D961 /* AppDelegate.h */,
				1A6B61271A5EBD0500F8D961 /* OgreChess.cpp */,
				1A6B61291A5EBD0500F8D961 /* OgreChess.h */,
				1A6B612A1A5EBD0500F8D961 /* OgreFramework.cpp */,
				1A6B612C1A5EBD0500F8D961 /* OgreFramework.h */,
				2EB4FDB41A633C0200C9FC90 /* OgreText.h */,
			);
			name = "Basic Ogre Framework";
			sourceTree = "<group>";
		};
		1A6B612D1A5EBD0600F8D961 /* Resources */ = {
			isa = PBXGroup;
			children = (
				1A6B613E1A5EBD0600F8D961 /* ogre.cfg */,
				1A6B61401A5EBD0600F8D961 /* plugins.cfg */,
				1A6B61421A5EBD0600F8D961 /* resources.cfg */,
				1A6B612E1A5EBD0600F8D961 /* media */,
			);
			name = Resources;
			sourceTree = "<group>";
		};
		1A6B612E1A5EBD0600F8D961 /* media */ = {
			isa = PBXGroup;
			children = (
				1A6B612F1A5EBD0600F8D961 /* materials */,
				1A6B61371A5EBD0600F8D961 /* models */,
				1A6B61391A5EBD0600F8D961 /* packs */,
			);
			path = media;
			sourceTree = "<group>";
		};
		1A6B612F1A5EBD0600F8D961 /* materials */ = {
			isa = PBXGroup;
			children = (
				1A6B61301A5EBD0600F8D961 /* scripts */,
				1A6B61331A5EBD0600F8D961 /* textures */,
			);
			path = materials;
			sourceTree = "<group>";
		};
		1A6B61301A5EBD0600F8D961 /* scripts */ = {
			isa = PBXGroup;
			children = (
				1A6B61311A5EBD0600F8D961 /* Examples.material */,
			);
			path = scripts;
			sourceTree = "<group>";
		};
		1A6B61331A5EBD0600F8D961 /* textures */ = {
			isa = PBXGroup;
			children = (
				1ACA9FAF1A61578200F09C73 /* skybox */,
				1ACA9FA91A6155A000F09C73 /* black.material */,
				1ACA9FAA1A6155A000F09C73 /* white.material */,
			);
			path = textures;
			sourceTree = "<group>";
		};
		1A6B61371A5EBD0600F8D961 /* models */ = {
			isa = PBXGroup;
			children = (
				1A300FDB1A63E0A300B14087 /* new */,
				1ACA9FA71A61554400F09C73 /* board.mesh */,
			);
			path = models;
			sourceTree = "<group>";
		};
		1A6B61391A5EBD0600F8D961 /* packs */ = {
			isa = PBXGroup;
			children = (
				1ACA9FAD1A61576100F09C73 /* skybox.zip */,
				1A6B613A1A5EBD0600F8D961 /* cubemap.zip */,
				1A6B613B1A5EBD0600F8D961 /* cubemapsJS.zip */,
				1A6B613C1A5EBD0600F8D961 /* SdkTrays.zip */,
			);
			path = packs;
			sourceTree = "<group>";
		};
		1ACA9FAF1A61578200F09C73 /* skybox */ = {
			isa = PBXGroup;
			children = (
				1ACA9FBC1A61578E00F09C73 /* cubescene_bk.jpg */,
				1ACA9FBD1A61578E00F09C73 /* cubescene_dn.jpg */,
				1ACA9FBE1A61578E00F09C73 /* cubescene_fr.jpg */,
				1ACA9FBF1A61578E00F09C73 /* cubescene_lf.jpg */,
				1ACA9FC01A61578E00F09C73 /* cubescene_rt.jpg */,
				1ACA9FC11A61578E00F09C73 /* cubescene_up.jpg */,
				1ACA9FD41A61578E00F09C73 /* README */,
			);
			name = skybox;
			sourceTree = "<group>";
		};
/* End PBXGroup section */

/* Begin PBXNativeTarget section */
		1A6B610E1A5EBD0500F8D961 /* abc */ = {
			isa = PBXNativeTarget;
			buildConfigurationList = 1A6B61461A5EBD0600F8D961 /* Build configuration list for PBXNativeTarget "abc" */;
			buildPhases = (
				1A6B610A1A5EBD0500F8D961 /* Sources */,
				1A6B610B1A5EBD0500F8D961 /* Frameworks */,
				1A6B610C1A5EBD0500F8D961 /* Resources */,
				1A6B610D1A5EBD0500F8D961 /* ShellScript */,
			);
			buildRules = (
			);
			dependencies = (
			);
			name = abc;
			productName = abc;
			productReference = 1A6B610F1A5EBD0500F8D961 /* abc.app */;
			productType = "com.apple.product-type.application";
		};
/* End PBXNativeTarget section */

/* Begin PBXProject section */
		1A6B61061A5EBD0500F8D961 /* Project object */ = {
			isa = PBXProject;
			attributes = {
				LastUpgradeCheck = 0610;
				TargetAttributes = {
					1A6B610E1A5EBD0500F8D961 = {
						CreatedOnToolsVersion = 6.1;
					};
				};
			};
			buildConfigurationList = 1A6B61091A5EBD0500F8D961 /* Build configuration list for PBXProject "abc" */;
			compatibilityVersion = "Xcode 3.2";
			developmentRegion = English;
			hasScannedForEncodings = 0;
			knownRegions = (
				en,
			);
			mainGroup = 1A6B61051A5EBD0500F8D961;
			productRefGroup = 1A6B61101A5EBD0500F8D961 /* Products */;
			projectDirPath = "";
			projectRoot = "";
			targets = (
				1A6B610E1A5EBD0500F8D961 /* abc */,
			);
		};
/* End PBXProject section */

/* Begin PBXResourcesBuildPhase section */
		1A6B610C1A5EBD0500F8D961 /* Resources */ = {
			isa = PBXResourcesBuildPhase;
			buildActionMask = 2147483647;
			files = (
				1A3010521A63E44B00B14087 /* TowerB01.mesh in Resources */,
				1A3010441A63E44B00B14087 /* PawnA07.mesh in Resources */,
				1A3010481A63E44B00B14087 /* PawnB03.mesh in Resources */,
				1A3010401A63E44B00B14087 /* PawnA03.mesh in Resources */,
				1A3010511A63E44B00B14087 /* TowerA02.mesh in Resources */,
				1A30104B1A63E44B00B14087 /* PawnB06.mesh in Resources */,
				1ACA9FED1A61578E00F09C73 /* cubescene_bk.jpg in Resources */,
				1ACA9FEE1A61578E00F09C73 /* cubescene_dn.jpg in Resources */,
				1A6B61221A5EBD0500F8D961 /* InfoPlist.strings in Resources */,
				1ACA9FF21A61578E00F09C73 /* cubescene_up.jpg in Resources */,
				1A3010501A63E44B00B14087 /* TowerA01.mesh in Resources */,
				1A3010451A63E44B00B14087 /* PawnA08.mesh in Resources */,
				1A30103E1A63E44B00B14087 /* PawnA01.mesh in Resources */,
				1A3010531A63E44B00B14087 /* TowerB02.mesh in Resources */,
				1ACA9FF01A61578E00F09C73 /* cubescene_lf.jpg in Resources */,
				1ACA9FAE1A61576100F09C73 /* skybox.zip in Resources */,
				1A62D3AD1A64D4F5005A7293 /* Bishop.mesh in Resources */,
				1ACA9FAC1A6155A000F09C73 /* white.material in Resources */,
				1A30103A1A63E44B00B14087 /* HorseB01.mesh in Resources */,
				1A6B613F1A5EBD0600F8D961 /* ogre.cfg in Resources */,
				1A30103F1A63E44B00B14087 /* PawnA02.mesh in Resources */,
				1ACAA0051A61578E00F09C73 /* README in Resources */,
				1A3010471A63E44B00B14087 /* PawnB02.mesh in Resources */,
				1ACA9FAB1A6155A000F09C73 /* black.material in Resources */,
				1A3010421A63E44B00B14087 /* PawnA05.mesh in Resources */,
				1A3010461A63E44B00B14087 /* PawnB01.mesh in Resources */,
				1A3010391A63E44B00B14087 /* HorseA02.mesh in Resources */,
				1A30104A1A63E44B00B14087 /* PawnB05.mesh in Resources */,
				1A30104C1A63E44B00B14087 /* PawnB07.mesh in Resources */,
				1A6B61431A5EBD0600F8D961 /* resources.cfg in Resources */,
				1A3010491A63E44B00B14087 /* PawnB04.mesh in Resources */,
				1A30103B1A63E44B00B14087 /* HorseB02.mesh in Resources */,
				1A30104E1A63E44B00B14087 /* QueenA.mesh in Resources */,
				1A3010411A63E44B00B14087 /* PawnA04.mesh in Resources */,
				1A3010381A63E44B00B14087 /* HorseA01.mesh in Resources */,
				1A30104D1A63E44B00B14087 /* PawnB08.mesh in Resources */,
				1A30103C1A63E44B00B14087 /* KingA.mesh in Resources */,
				1A30103D1A63E44B00B14087 /* KingB.mesh in Resources */,
				1ACA9FF11A61578E00F09C73 /* cubescene_rt.jpg in Resources */,
				1A30104F1A63E44B00B14087 /* QueenB.mesh in Resources */,
				1ACA9FA81A61554400F09C73 /* board.mesh in Resources */,
				1A3010431A63E44B00B14087 /* PawnA06.mesh in Resources */,
				1A6B61411A5EBD0600F8D961 /* plugins.cfg in Resources */,
				1ACA9FEF1A61578E00F09C73 /* cubescene_fr.jpg in Resources */,
			);
			runOnlyForDeploymentPostprocessing = 0;
		};
/* End PBXResourcesBuildPhase section */

/* Begin PBXShellScriptBuildPhase section */
		1A6B610D1A5EBD0500F8D961 /* ShellScript */ = {
			isa = PBXShellScriptBuildPhase;
			buildActionMask = 2147483647;
			files = (
			);
			inputPaths = (
			);
			outputPaths = (
			);
			runOnlyForDeploymentPostprocessing = 0;
			shellPath = /bin/bash;
			shellScript = "# This shell script simply copies resources into their respective locations\nmkdir -p \"$BUILT_PRODUCTS_DIR/abc.app/Contents/Frameworks\"\nmkdir -p \"$BUILT_PRODUCTS_DIR/abc.app/Contents/Plugins\"\nditto \"$OGRE_SDK_ROOT/lib/macosx/Release/Ogre.framework\" \"$BUILT_PRODUCTS_DIR/abc.app/Contents/Frameworks/Ogre.framework\"\nditto \"$OGRE_SDK_ROOT/lib/macosx/Release/OgreOverlay.framework\" \"$BUILT_PRODUCTS_DIR/Test.app/Contents/Frameworks/OgreOverlay.framework\"\nditto \"$OGRE_SDK_ROOT/lib/macosx/Release/RenderSystem_GL.framework\" \"$BUILT_PRODUCTS_DIR/abc.app/Contents/Frameworks/RenderSystem_GL.framework\"\nditto \"$PROJECT_DIR/$PROJECT_NAME/media/\" \"$BUILT_PRODUCTS_DIR/abc.app/Contents/Resources/media/\"\nditto $PROJECT_DIR/$PROJECT_NAME/*.cfg \"$BUILT_PRODUCTS_DIR/abc.app/Contents/Resources/\"\n";
		};
/* End PBXShellScriptBuildPhase section */

/* Begin PBXSourcesBuildPhase section */
		1A6B610A1A5EBD0500F8D961 /* Sources */ = {
			isa = PBXSourcesBuildPhase;
			buildActionMask = 2147483647;
			files = (
				1A6B612B1A5EBD0500F8D961 /* OgreFramework.cpp in Sources */,
				1A6B61241A5EBD0500F8D961 /* main.mm in Sources */,
				1A6B61281A5EBD0500F8D961 /* OgreChess.cpp in Sources */,
			);
			runOnlyForDeploymentPostprocessing = 0;
		};
/* End PBXSourcesBuildPhase section */

/* Begin PBXVariantGroup section */
		1A6B61201A5EBD0500F8D961 /* InfoPlist.strings */ = {
			isa = PBXVariantGroup;
			children = (
				1A6B61211A5EBD0500F8D961 /* en */,
			);
			name = InfoPlist.strings;
			sourceTree = "<group>";
		};
/* End PBXVariantGroup section */

/* Begin XCBuildConfiguration section */
		1A6B61441A5EBD0600F8D961 /* Debug */ = {
			isa = XCBuildConfiguration;
			buildSettings = {
				ARCHS = "$(ARCHS_STANDARD_32_64_BIT)";
				COPY_PHASE_STRIP = NO;
				FRAMEWORK_SEARCH_PATHS = (
					"\"$(OGRE_SDK_ROOT)/lib/macosx/Release\"",
					"\"$(OGRE_SDK_ROOT)/Dependencies\"",
				);
				GCC_PRECOMPILE_PREFIX_HEADER = YES;
				GCC_PREFIX_HEADER = "abc/abc-Prefix.pch";
				HEADER_SEARCH_PATHS = (
					"\"$(OGRE_SDK_ROOT)/include/OGRE\"",
					"\"$(OGRE_SDK_ROOT)/include/OGRE/OSX\"",
					"\"$(OGRE_SDK_ROOT)/include/OGRE/Overlay\"",
					"\"$(OGRE_SDK_ROOT)/include/OIS\"",
					"\"$(OGRE_SDK_ROOT)/Dependencies/include\"",
					"\"$(OGRE_SDK_ROOT)/boost\"",
				);
				INFOPLIST_FILE = "abc/abc-Info.plist";
				LIBRARY_SEARCH_PATHS = (
					"\"$(OGRE_SDK_ROOT)/lib\"",
					"\"$(OGRE_SDK_ROOT)/Dependencies/lib/Release\"",
					/opt/local/lib,
				);
				OTHER_LDFLAGS = (
					"-lOIS",
					"-lboost_system-mt",
					"-framework",
					Ogre,
					"-framework",
					OgreOverlay,
				);
				PRODUCT_NAME = "$(TARGET_NAME)";
				SDKROOT = macosx;
				WRAPPER_EXTENSION = app;
			};
			name = Debug;
		};
		1A6B61451A5EBD0600F8D961 /* Release */ = {
			isa = XCBuildConfiguration;
			buildSettings = {
				ARCHS = "$(ARCHS_STANDARD_32_64_BIT)";
				COPY_PHASE_STRIP = YES;
				DEBUG_INFORMATION_FORMAT = "dwarf-with-dsym";
				FRAMEWORK_SEARCH_PATHS = (
					"\"$(OGRE_SDK_ROOT)/lib/macosx/Release\"",
					"\"$(OGRE_SDK_ROOT)/Dependencies\"",
				);
				GCC_PRECOMPILE_PREFIX_HEADER = YES;
				GCC_PREFIX_HEADER = "abc/abc-Prefix.pch";
				HEADER_SEARCH_PATHS = (
					"\"$(OGRE_SDK_ROOT)/include/OGRE\"",
					"\"$(OGRE_SDK_ROOT)/include/OGRE/OSX\"",
					"\"$(OGRE_SDK_ROOT)/include/OGRE/Overlay\"",
					"\"$(OGRE_SDK_ROOT)/include/OIS\"",
					"\"$(OGRE_SDK_ROOT)/Dependencies/include\"",
					"\"$(OGRE_SDK_ROOT)/boost\"",
				);
				INFOPLIST_FILE = "abc/abc-Info.plist";
				LIBRARY_SEARCH_PATHS = (
					"\"$(OGRE_SDK_ROOT)/lib\"",
					"\"$(OGRE_SDK_ROOT)/Dependencies/lib/Release\"",
					/opt/local/lib,
				);
				OTHER_LDFLAGS = (
					"-lOIS",
					"-lboost_system-mt",
					"-framework",
					Ogre,
					"-framework",
					OgreOverlay,
				);
				PRODUCT_NAME = "$(TARGET_NAME)";
				SDKROOT = macosx;
				WRAPPER_EXTENSION = app;
			};
			name = Release;
		};
		1A6B61471A5EBD0600F8D961 /* Debug */ = {
			isa = XCBuildConfiguration;
			buildSettings = {
				ARCHS = "$(NATIVE_ARCH_ACTUAL)";
				CLANG_CXX_LANGUAGE_STANDARD = "c++0x";
				CLANG_CXX_LIBRARY = "libc++";
				FRAMEWORK_SEARCH_PATHS = (
					"$(inherited)",
					/OgreSDK/lib/macosx/Release,
				);
				LIBRARY_SEARCH_PATHS = (
					"\"$(OGRE_SDK_ROOT)/lib\"",
					/usr/local/lib,
					"\"$(OGRE_SDK_ROOT)/Dependencies/lib/Release\"",
				);
				OGRE_SDK_ROOT = /OgreSDK;
				ONLY_ACTIVE_ARCH = YES;
				OTHER_LDFLAGS = (
					"-lOIS",
					"-lboost_system-mt",
					"-framework",
					Ogre,
					"-framework",
					OgreOverlay,
				);
			};
			name = Debug;
		};
		1A6B61481A5EBD0600F8D961 /* Release */ = {
			isa = XCBuildConfiguration;
			buildSettings = {
				ARCHS = "$(NATIVE_ARCH_ACTUAL)";
				CLANG_CXX_LANGUAGE_STANDARD = "c++0x";
				CLANG_CXX_LIBRARY = "libc++";
				FRAMEWORK_SEARCH_PATHS = (
					"$(inherited)",
					/OgreSDK/lib/macosx/Release,
				);
				LIBRARY_SEARCH_PATHS = (
					"\"$(OGRE_SDK_ROOT)/lib\"",
					/usr/local/lib,
					"\"$(OGRE_SDK_ROOT)/Dependencies/lib/Release\"",
				);
				OGRE_SDK_ROOT = /OgreSDK;
				ONLY_ACTIVE_ARCH = YES;
				OTHER_LDFLAGS = (
					"-lOIS",
					"-lboost_system-mt",
					"-framework",
					Ogre,
					"-framework",
					OgreOverlay,
				);
			};
			name = Release;
		};
/* End XCBuildConfiguration section */

/* Begin XCConfigurationList section */
		1A6B61091A5EBD0500F8D961 /* Build configuration list for PBXProject "abc" */ = {
			isa = XCConfigurationList;
			buildConfigurations = (
				1A6B61441A5EBD0600F8D961 /* Debug */,
				1A6B61451A5EBD0600F8D961 /* Release */,
			);
			defaultConfigurationIsVisible = 0;
			defaultConfigurationName = Release;
		};
		1A6B61461A5EBD0600F8D961 /* Build configuration list for PBXNativeTarget "abc" */ = {
			isa = XCConfigurationList;
			buildConfigurations = (
				1A6B61471A5EBD0600F8D961 /* Debug */,
				1A6B61481A5EBD0600F8D961 /* Release */,
			);
			defaultConfigurationIsVisible = 0;
			defaultConfigurationName = Release;
		};
/* End XCConfigurationList section */
	};
	rootObject = 1A6B61061A5EBD0500F8D961 /* Project object */;
}
